
Microsoft Visual Studio Solution File, Format Version 12.00
# Visual Studio Version 17
VisualStudioVersion = 17.0.31903.59
MinimumVisualStudioVersion = 10.0.40219.1
Project("{FAE04EC0-301F-11D3-BF4B-00C04F79EFBC}") = "01", "01\01.csproj", "{5D3AD58B-5510-4A35-B8C8-6D4B5A6C7E66}"
EndProject
Project("{FAE04EC0-301F-11D3-BF4B-00C04F79EFBC}") = "01-2", "01-2\01-2.csproj", "{0993C23C-1347-49CA-A7DE-96B8209DA0B4}"
EndProject
Project("{FAE04EC0-301F-11D3-BF4B-00C04F79EFBC}") = "02", "02\02.csproj", "{8DC205DA-3188-45A9-B14F-05B07841127B}"
EndProject
Project("{FAE04EC0-301F-11D3-BF4B-00C04F79EFBC}") = "02-2", "02-2\02-2.csproj", "{09EE7779-DD47-4C05-8BC9-B265A6DBAD3F}"
EndProject
Project("{FAE04EC0-301F-11D3-BF4B-00C04F79EFBC}") = "03", "03\03.csproj", "{1AC2ACAD-8DE6-40D8-BF7A-0CD8356E48EA}"
EndProject
Project("{FAE04EC0-301F-11D3-BF4B-00C04F79EFBC}") = "03-2", "03-2\03-2.csproj", "{737E1653-A1A4-41A0-B827-2F3EA53E6A3A}"
EndProject
Project("{FAE04EC0-301F-11D3-BF4B-00C04F79EFBC}") = "04", "04\04.csproj", "{BCB8BC5C-EAD3-4ACD-B75C-CE4DCB9E9F1F}"
EndProject
Project("{FAE04EC0-301F-11D3-BF4B-00C04F79EFBC}") = "04-2", "04-2\04-2.csproj", "{586FD5D8-A6BA-41F8-AABE-B03900D2C55B}"
EndProject
Project("{FAE04EC0-301F-11D3-BF4B-00C04F79EFBC}") = "05", "05\05.csproj", "{D4FC72B7-6C9A-4B03-A680-95F4026B9FD4}"
EndProject
Project("{FAE04EC0-301F-11D3-BF4B-00C04F79EFBC}") = "05-2", "05-2\05-2.csproj", "{5461D4A4-655D-4E0F-84CA-0506B2D97080}"
EndProject
Project("{FAE04EC0-301F-11D3-BF4B-00C04F79EFBC}") = "06", "06\06.csproj", "{02A14010-11BB-4F61-9C1E-256E51D27A7C}"
EndProject
Project("{FAE04EC0-301F-11D3-BF4B-00C04F79EFBC}") = "06-2", "06-2\06-2.csproj", "{42DAB3FC-8BE4-402D-BF72-21121568903B}"
EndProject
Project("{FAE04EC0-301F-11D3-BF4B-00C04F79EFBC}") = "07", "07\07.csproj", "{70B03408-F376-4D90-9090-0EA59D8C93F6}"
EndProject
Project("{FAE04EC0-301F-11D3-BF4B-00C04F79EFBC}") = "07-2", "07-2\07-2.csproj", "{464087AE-34C5-46DB-8E01-C032F76E1E7D}"
EndProject
Project("{FAE04EC0-301F-11D3-BF4B-00C04F79EFBC}") = "08", "08\08.csproj", "{A8A6B7CC-68F1-47A1-943A-01536CC02D9F}"
EndProject
Project("{FAE04EC0-301F-11D3-BF4B-00C04F79EFBC}") = "08-2", "08-2\08-2.csproj", "{0D7AF4C2-F175-4CC4-B5B0-1AF5F01DAFC6}"
EndProject
Project("{FAE04EC0-301F-11D3-BF4B-00C04F79EFBC}") = "09", "09\09.csproj", "{E78077AF-BBAB-4B9E-88B0-E318F871D9FF}"
EndProject
Project("{FAE04EC0-301F-11D3-BF4B-00C04F79EFBC}") = "09-2", "09-2\09-2.csproj", "{C92C75AF-5E4C-4FB4-AC40-DE2620DCB735}"
EndProject
Project("{FAE04EC0-301F-11D3-BF4B-00C04F79EFBC}") = "10", "10\10.csproj", "{15DEC4E5-E163-4EF9-ACD0-7FD85EBC1C3A}"
EndProject
Project("{FAE04EC0-301F-11D3-BF4B-00C04F79EFBC}") = "10-2", "10-2\10-2.csproj", "{6145DBCF-BC96-4896-8B2A-3421C82B4CA6}"
EndProject
Project("{FAE04EC0-301F-11D3-BF4B-00C04F79EFBC}") = "11", "11\11.csproj", "{67C758A4-F29F-4BDB-B8BD-A8B79138244D}"
EndProject
Project("{FAE04EC0-301F-11D3-BF4B-00C04F79EFBC}") = "11-2", "11-2\11-2.csproj", "{97AD08BB-340C-4E56-AD86-B3CB817778E3}"
EndProject
Project("{FAE04EC0-301F-11D3-BF4B-00C04F79EFBC}") = "12", "12\12.csproj", "{28D3BD76-9CF2-4B6A-A562-EA15563046DF}"
EndProject
Project("{FAE04EC0-301F-11D3-BF4B-00C04F79EFBC}") = "12-2", "12-2\12-2.csproj", "{CB9DE3B0-2763-4E79-8B0A-C2FA8F728183}"
EndProject
Project("{FAE04EC0-301F-11D3-BF4B-00C04F79EFBC}") = "13", "13\13.csproj", "{22A7DEEC-ED7A-46AE-AC74-29202633B066}"
EndProject
Project("{FAE04EC0-301F-11D3-BF4B-00C04F79EFBC}") = "13-2", "13-2\13-2.csproj", "{7CB0CEAF-F178-4775-BEC6-79CD83201054}"
EndProject
Project("{FAE04EC0-301F-11D3-BF4B-00C04F79EFBC}") = "14", "14\14.csproj", "{678A3B89-46D7-448F-90F5-B41D311BE065}"
EndProject
Project("{FAE04EC0-301F-11D3-BF4B-00C04F79EFBC}") = "14-2", "14-2\14-2.csproj", "{92C1FF62-7C50-4F93-8E57-287E37255404}"
EndProject
Project("{FAE04EC0-301F-11D3-BF4B-00C04F79EFBC}") = "15", "15\15.csproj", "{456CE5D9-1003-405D-9B0B-0FCFFA8FD17B}"
EndProject
Project("{FAE04EC0-301F-11D3-BF4B-00C04F79EFBC}") = "15-2", "15-2\15-2.csproj", "{92D7E83E-3C6E-4F3A-912C-3BC4D5B2E800}"
EndProject
Project("{FAE04EC0-301F-11D3-BF4B-00C04F79EFBC}") = "16", "16\16.csproj", "{66B288E5-900B-4FB9-8A39-13F0CBC477FC}"
EndProject
Project("{FAE04EC0-301F-11D3-BF4B-00C04F79EFBC}") = "16-2", "16-2\16-2.csproj", "{DC88EE9E-FCBF-4FDD-8A64-B04506A57A6B}"
EndProject
Project("{FAE04EC0-301F-11D3-BF4B-00C04F79EFBC}") = "17", "17\17.csproj", "{607567B5-D414-44A4-B33E-0CA5890CAE8F}"
EndProject
Project("{FAE04EC0-301F-11D3-BF4B-00C04F79EFBC}") = "17-2", "17-2\17-2.csproj", "{EE9EC871-D350-4102-B932-1F8D3DC34D0D}"
EndProject
Project("{FAE04EC0-301F-11D3-BF4B-00C04F79EFBC}") = "18", "18\18.csproj", "{383C93D2-6C1D-4755-AA58-627F1066F1AB}"
EndProject
Project("{FAE04EC0-301F-11D3-BF4B-00C04F79EFBC}") = "18-2", "18-2\18-2.csproj", "{1B9E242C-5B81-4695-ACFE-9E1E86FA50C0}"
EndProject
Project("{FAE04EC0-301F-11D3-BF4B-00C04F79EFBC}") = "19", "19\19.csproj", "{E2B78FA8-DD88-4EBE-BBCC-44D31CDAB9E6}"
EndProject
Project("{FAE04EC0-301F-11D3-BF4B-00C04F79EFBC}") = "19-2", "19-2\19-2.csproj", "{AC0F642F-0ADA-467D-A63A-438F0DD0046C}"
EndProject
Project("{FAE04EC0-301F-11D3-BF4B-00C04F79EFBC}") = "20", "20\20.csproj", "{6C92CBFF-6693-4E73-83FC-90BC670D862D}"
EndProject
Project("{FAE04EC0-301F-11D3-BF4B-00C04F79EFBC}") = "20-2", "20-2\20-2.csproj", "{02AF3921-EDC8-42AC-83E3-4FE32EDADDCF}"
EndProject
Project("{FAE04EC0-301F-11D3-BF4B-00C04F79EFBC}") = "21", "21\21.csproj", "{70077D59-1144-47CB-BFCC-CD8F6A636662}"
EndProject
Project("{FAE04EC0-301F-11D3-BF4B-00C04F79EFBC}") = "21-2", "21-2\21-2.csproj", "{E9858BAE-CA79-4CA4-B207-F455B96BD346}"
EndProject
Project("{FAE04EC0-301F-11D3-BF4B-00C04F79EFBC}") = "22", "22\22.csproj", "{2DAE3AF5-67BB-4570-978D-6AC397A2A232}"
EndProject
Global
	GlobalSection(SolutionConfigurationPlatforms) = preSolution
		Debug|Any CPU = Debug|Any CPU
		Release|Any CPU = Release|Any CPU
	EndGlobalSection
	GlobalSection(SolutionProperties) = preSolution
		HideSolutionNode = FALSE
	EndGlobalSection
	GlobalSection(ProjectConfigurationPlatforms) = postSolution
		{5D3AD58B-5510-4A35-B8C8-6D4B5A6C7E66}.Debug|Any CPU.ActiveCfg = Debug|Any CPU
		{5D3AD58B-5510-4A35-B8C8-6D4B5A6C7E66}.Debug|Any CPU.Build.0 = Debug|Any CPU
		{5D3AD58B-5510-4A35-B8C8-6D4B5A6C7E66}.Release|Any CPU.ActiveCfg = Release|Any CPU
		{5D3AD58B-5510-4A35-B8C8-6D4B5A6C7E66}.Release|Any CPU.Build.0 = Release|Any CPU
		{0993C23C-1347-49CA-A7DE-96B8209DA0B4}.Debug|Any CPU.ActiveCfg = Debug|Any CPU
		{0993C23C-1347-49CA-A7DE-96B8209DA0B4}.Debug|Any CPU.Build.0 = Debug|Any CPU
		{0993C23C-1347-49CA-A7DE-96B8209DA0B4}.Release|Any CPU.ActiveCfg = Release|Any CPU
		{0993C23C-1347-49CA-A7DE-96B8209DA0B4}.Release|Any CPU.Build.0 = Release|Any CPU
		{8DC205DA-3188-45A9-B14F-05B07841127B}.Debug|Any CPU.ActiveCfg = Debug|Any CPU
		{8DC205DA-3188-45A9-B14F-05B07841127B}.Debug|Any CPU.Build.0 = Debug|Any CPU
		{8DC205DA-3188-45A9-B14F-05B07841127B}.Release|Any CPU.ActiveCfg = Release|Any CPU
		{8DC205DA-3188-45A9-B14F-05B07841127B}.Release|Any CPU.Build.0 = Release|Any CPU
		{09EE7779-DD47-4C05-8BC9-B265A6DBAD3F}.Debug|Any CPU.ActiveCfg = Debug|Any CPU
		{09EE7779-DD47-4C05-8BC9-B265A6DBAD3F}.Debug|Any CPU.Build.0 = Debug|Any CPU
		{09EE7779-DD47-4C05-8BC9-B265A6DBAD3F}.Release|Any CPU.ActiveCfg = Release|Any CPU
		{09EE7779-DD47-4C05-8BC9-B265A6DBAD3F}.Release|Any CPU.Build.0 = Release|Any CPU
		{1AC2ACAD-8DE6-40D8-BF7A-0CD8356E48EA}.Debug|Any CPU.ActiveCfg = Debug|Any CPU
		{1AC2ACAD-8DE6-40D8-BF7A-0CD8356E48EA}.Debug|Any CPU.Build.0 = Debug|Any CPU
		{1AC2ACAD-8DE6-40D8-BF7A-0CD8356E48EA}.Release|Any CPU.ActiveCfg = Release|Any CPU
		{1AC2ACAD-8DE6-40D8-BF7A-0CD8356E48EA}.Release|Any CPU.Build.0 = Release|Any CPU
		{737E1653-A1A4-41A0-B827-2F3EA53E6A3A}.Debug|Any CPU.ActiveCfg = Debug|Any CPU
		{737E1653-A1A4-41A0-B827-2F3EA53E6A3A}.Debug|Any CPU.Build.0 = Debug|Any CPU
		{737E1653-A1A4-41A0-B827-2F3EA53E6A3A}.Release|Any CPU.ActiveCfg = Release|Any CPU
		{737E1653-A1A4-41A0-B827-2F3EA53E6A3A}.Release|Any CPU.Build.0 = Release|Any CPU
		{BCB8BC5C-EAD3-4ACD-B75C-CE4DCB9E9F1F}.Debug|Any CPU.ActiveCfg = Debug|Any CPU
		{BCB8BC5C-EAD3-4ACD-B75C-CE4DCB9E9F1F}.Debug|Any CPU.Build.0 = Debug|Any CPU
		{BCB8BC5C-EAD3-4ACD-B75C-CE4DCB9E9F1F}.Release|Any CPU.ActiveCfg = Release|Any CPU
		{BCB8BC5C-EAD3-4ACD-B75C-CE4DCB9E9F1F}.Release|Any CPU.Build.0 = Release|Any CPU
		{586FD5D8-A6BA-41F8-AABE-B03900D2C55B}.Debug|Any CPU.ActiveCfg = Debug|Any CPU
		{586FD5D8-A6BA-41F8-AABE-B03900D2C55B}.Debug|Any CPU.Build.0 = Debug|Any CPU
		{586FD5D8-A6BA-41F8-AABE-B03900D2C55B}.Release|Any CPU.ActiveCfg = Release|Any CPU
		{586FD5D8-A6BA-41F8-AABE-B03900D2C55B}.Release|Any CPU.Build.0 = Release|Any CPU
		{D4FC72B7-6C9A-4B03-A680-95F4026B9FD4}.Debug|Any CPU.ActiveCfg = Debug|Any CPU
		{D4FC72B7-6C9A-4B03-A680-95F4026B9FD4}.Debug|Any CPU.Build.0 = Debug|Any CPU
		{D4FC72B7-6C9A-4B03-A680-95F4026B9FD4}.Release|Any CPU.ActiveCfg = Release|Any CPU
		{D4FC72B7-6C9A-4B03-A680-95F4026B9FD4}.Release|Any CPU.Build.0 = Release|Any CPU
		{5461D4A4-655D-4E0F-84CA-0506B2D97080}.Debug|Any CPU.ActiveCfg = Debug|Any CPU
		{5461D4A4-655D-4E0F-84CA-0506B2D97080}.Debug|Any CPU.Build.0 = Debug|Any CPU
		{5461D4A4-655D-4E0F-84CA-0506B2D97080}.Release|Any CPU.ActiveCfg = Release|Any CPU
		{5461D4A4-655D-4E0F-84CA-0506B2D97080}.Release|Any CPU.Build.0 = Release|Any CPU
		{02A14010-11BB-4F61-9C1E-256E51D27A7C}.Debug|Any CPU.ActiveCfg = Debug|Any CPU
		{02A14010-11BB-4F61-9C1E-256E51D27A7C}.Debug|Any CPU.Build.0 = Debug|Any CPU
		{02A14010-11BB-4F61-9C1E-256E51D27A7C}.Release|Any CPU.ActiveCfg = Release|Any CPU
		{02A14010-11BB-4F61-9C1E-256E51D27A7C}.Release|Any CPU.Build.0 = Release|Any CPU
		{42DAB3FC-8BE4-402D-BF72-21121568903B}.Debug|Any CPU.ActiveCfg = Debug|Any CPU
		{42DAB3FC-8BE4-402D-BF72-21121568903B}.Debug|Any CPU.Build.0 = Debug|Any CPU
		{42DAB3FC-8BE4-402D-BF72-21121568903B}.Release|Any CPU.ActiveCfg = Release|Any CPU
		{42DAB3FC-8BE4-402D-BF72-21121568903B}.Release|Any CPU.Build.0 = Release|Any CPU
		{70B03408-F376-4D90-9090-0EA59D8C93F6}.Debug|Any CPU.ActiveCfg = Debug|Any CPU
		{70B03408-F376-4D90-9090-0EA59D8C93F6}.Debug|Any CPU.Build.0 = Debug|Any CPU
		{70B03408-F376-4D90-9090-0EA59D8C93F6}.Release|Any CPU.ActiveCfg = Release|Any CPU
		{70B03408-F376-4D90-9090-0EA59D8C93F6}.Release|Any CPU.Build.0 = Release|Any CPU
		{464087AE-34C5-46DB-8E01-C032F76E1E7D}.Debug|Any CPU.ActiveCfg = Debug|Any CPU
		{464087AE-34C5-46DB-8E01-C032F76E1E7D}.Debug|Any CPU.Build.0 = Debug|Any CPU
		{464087AE-34C5-46DB-8E01-C032F76E1E7D}.Release|Any CPU.ActiveCfg = Release|Any CPU
		{464087AE-34C5-46DB-8E01-C032F76E1E7D}.Release|Any CPU.Build.0 = Release|Any CPU
		{A8A6B7CC-68F1-47A1-943A-01536CC02D9F}.Debug|Any CPU.ActiveCfg = Debug|Any CPU
		{A8A6B7CC-68F1-47A1-943A-01536CC02D9F}.Debug|Any CPU.Build.0 = Debug|Any CPU
		{A8A6B7CC-68F1-47A1-943A-01536CC02D9F}.Release|Any CPU.ActiveCfg = Release|Any CPU
		{A8A6B7CC-68F1-47A1-943A-01536CC02D9F}.Release|Any CPU.Build.0 = Release|Any CPU
		{0D7AF4C2-F175-4CC4-B5B0-1AF5F01DAFC6}.Debug|Any CPU.ActiveCfg = Debug|Any CPU
		{0D7AF4C2-F175-4CC4-B5B0-1AF5F01DAFC6}.Debug|Any CPU.Build.0 = Debug|Any CPU
		{0D7AF4C2-F175-4CC4-B5B0-1AF5F01DAFC6}.Release|Any CPU.ActiveCfg = Release|Any CPU
		{0D7AF4C2-F175-4CC4-B5B0-1AF5F01DAFC6}.Release|Any CPU.Build.0 = Release|Any CPU
		{E78077AF-BBAB-4B9E-88B0-E318F871D9FF}.Debug|Any CPU.ActiveCfg = Debug|Any CPU
		{E78077AF-BBAB-4B9E-88B0-E318F871D9FF}.Debug|Any CPU.Build.0 = Debug|Any CPU
		{E78077AF-BBAB-4B9E-88B0-E318F871D9FF}.Release|Any CPU.ActiveCfg = Release|Any CPU
		{E78077AF-BBAB-4B9E-88B0-E318F871D9FF}.Release|Any CPU.Build.0 = Release|Any CPU
		{C92C75AF-5E4C-4FB4-AC40-DE2620DCB735}.Debug|Any CPU.ActiveCfg = Debug|Any CPU
		{C92C75AF-5E4C-4FB4-AC40-DE2620DCB735}.Debug|Any CPU.Build.0 = Debug|Any CPU
		{C92C75AF-5E4C-4FB4-AC40-DE2620DCB735}.Release|Any CPU.ActiveCfg = Release|Any CPU
		{C92C75AF-5E4C-4FB4-AC40-DE2620DCB735}.Release|Any CPU.Build.0 = Release|Any CPU
		{15DEC4E5-E163-4EF9-ACD0-7FD85EBC1C3A}.Debug|Any CPU.ActiveCfg = Debug|Any CPU
		{15DEC4E5-E163-4EF9-ACD0-7FD85EBC1C3A}.Debug|Any CPU.Build.0 = Debug|Any CPU
		{15DEC4E5-E163-4EF9-ACD0-7FD85EBC1C3A}.Release|Any CPU.ActiveCfg = Release|Any CPU
		{15DEC4E5-E163-4EF9-ACD0-7FD85EBC1C3A}.Release|Any CPU.Build.0 = Release|Any CPU
		{6145DBCF-BC96-4896-8B2A-3421C82B4CA6}.Debug|Any CPU.ActiveCfg = Debug|Any CPU
		{6145DBCF-BC96-4896-8B2A-3421C82B4CA6}.Debug|Any CPU.Build.0 = Debug|Any CPU
		{6145DBCF-BC96-4896-8B2A-3421C82B4CA6}.Release|Any CPU.ActiveCfg = Release|Any CPU
		{6145DBCF-BC96-4896-8B2A-3421C82B4CA6}.Release|Any CPU.Build.0 = Release|Any CPU
		{67C758A4-F29F-4BDB-B8BD-A8B79138244D}.Debug|Any CPU.ActiveCfg = Debug|Any CPU
		{67C758A4-F29F-4BDB-B8BD-A8B79138244D}.Debug|Any CPU.Build.0 = Debug|Any CPU
		{67C758A4-F29F-4BDB-B8BD-A8B79138244D}.Release|Any CPU.ActiveCfg = Release|Any CPU
		{67C758A4-F29F-4BDB-B8BD-A8B79138244D}.Release|Any CPU.Build.0 = Release|Any CPU
		{97AD08BB-340C-4E56-AD86-B3CB817778E3}.Debug|Any CPU.ActiveCfg = Debug|Any CPU
		{97AD08BB-340C-4E56-AD86-B3CB817778E3}.Debug|Any CPU.Build.0 = Debug|Any CPU
		{97AD08BB-340C-4E56-AD86-B3CB817778E3}.Release|Any CPU.ActiveCfg = Release|Any CPU
		{97AD08BB-340C-4E56-AD86-B3CB817778E3}.Release|Any CPU.Build.0 = Release|Any CPU
		{28D3BD76-9CF2-4B6A-A562-EA15563046DF}.Debug|Any CPU.ActiveCfg = Debug|Any CPU
		{28D3BD76-9CF2-4B6A-A562-EA15563046DF}.Debug|Any CPU.Build.0 = Debug|Any CPU
		{28D3BD76-9CF2-4B6A-A562-EA15563046DF}.Release|Any CPU.ActiveCfg = Release|Any CPU
		{28D3BD76-9CF2-4B6A-A562-EA15563046DF}.Release|Any CPU.Build.0 = Release|Any CPU
		{CB9DE3B0-2763-4E79-8B0A-C2FA8F728183}.Debug|Any CPU.ActiveCfg = Debug|Any CPU
		{CB9DE3B0-2763-4E79-8B0A-C2FA8F728183}.Debug|Any CPU.Build.0 = Debug|Any CPU
		{CB9DE3B0-2763-4E79-8B0A-C2FA8F728183}.Release|Any CPU.ActiveCfg = Release|Any CPU
		{CB9DE3B0-2763-4E79-8B0A-C2FA8F728183}.Release|Any CPU.Build.0 = Release|Any CPU
		{22A7DEEC-ED7A-46AE-AC74-29202633B066}.Debug|Any CPU.ActiveCfg = Debug|Any CPU
		{22A7DEEC-ED7A-46AE-AC74-29202633B066}.Debug|Any CPU.Build.0 = Debug|Any CPU
		{22A7DEEC-ED7A-46AE-AC74-29202633B066}.Release|Any CPU.ActiveCfg = Release|Any CPU
		{22A7DEEC-ED7A-46AE-AC74-29202633B066}.Release|Any CPU.Build.0 = Release|Any CPU
		{7CB0CEAF-F178-4775-BEC6-79CD83201054}.Debug|Any CPU.ActiveCfg = Debug|Any CPU
		{7CB0CEAF-F178-4775-BEC6-79CD83201054}.Debug|Any CPU.Build.0 = Debug|Any CPU
		{7CB0CEAF-F178-4775-BEC6-79CD83201054}.Release|Any CPU.ActiveCfg = Release|Any CPU
		{7CB0CEAF-F178-4775-BEC6-79CD83201054}.Release|Any CPU.Build.0 = Release|Any CPU
		{678A3B89-46D7-448F-90F5-B41D311BE065}.Debug|Any CPU.ActiveCfg = Debug|Any CPU
		{678A3B89-46D7-448F-90F5-B41D311BE065}.Debug|Any CPU.Build.0 = Debug|Any CPU
		{678A3B89-46D7-448F-90F5-B41D311BE065}.Release|Any CPU.ActiveCfg = Release|Any CPU
		{678A3B89-46D7-448F-90F5-B41D311BE065}.Release|Any CPU.Build.0 = Release|Any CPU
		{92C1FF62-7C50-4F93-8E57-287E37255404}.Debug|Any CPU.ActiveCfg = Debug|Any CPU
		{92C1FF62-7C50-4F93-8E57-287E37255404}.Debug|Any CPU.Build.0 = Debug|Any CPU
		{92C1FF62-7C50-4F93-8E57-287E37255404}.Release|Any CPU.ActiveCfg = Release|Any CPU
		{92C1FF62-7C50-4F93-8E57-287E37255404}.Release|Any CPU.Build.0 = Release|Any CPU
		{456CE5D9-1003-405D-9B0B-0FCFFA8FD17B}.Debug|Any CPU.ActiveCfg = Debug|Any CPU
		{456CE5D9-1003-405D-9B0B-0FCFFA8FD17B}.Debug|Any CPU.Build.0 = Debug|Any CPU
		{456CE5D9-1003-405D-9B0B-0FCFFA8FD17B}.Release|Any CPU.ActiveCfg = Release|Any CPU
		{456CE5D9-1003-405D-9B0B-0FCFFA8FD17B}.Release|Any CPU.Build.0 = Release|Any CPU
		{92D7E83E-3C6E-4F3A-912C-3BC4D5B2E800}.Debug|Any CPU.ActiveCfg = Debug|Any CPU
		{92D7E83E-3C6E-4F3A-912C-3BC4D5B2E800}.Debug|Any CPU.Build.0 = Debug|Any CPU
		{92D7E83E-3C6E-4F3A-912C-3BC4D5B2E800}.Release|Any CPU.ActiveCfg = Release|Any CPU
		{92D7E83E-3C6E-4F3A-912C-3BC4D5B2E800}.Release|Any CPU.Build.0 = Release|Any CPU
		{66B288E5-900B-4FB9-8A39-13F0CBC477FC}.Debug|Any CPU.ActiveCfg = Debug|Any CPU
		{66B288E5-900B-4FB9-8A39-13F0CBC477FC}.Debug|Any CPU.Build.0 = Debug|Any CPU
		{66B288E5-900B-4FB9-8A39-13F0CBC477FC}.Release|Any CPU.ActiveCfg = Release|Any CPU
		{66B288E5-900B-4FB9-8A39-13F0CBC477FC}.Release|Any CPU.Build.0 = Release|Any CPU
		{DC88EE9E-FCBF-4FDD-8A64-B04506A57A6B}.Debug|Any CPU.ActiveCfg = Debug|Any CPU
		{DC88EE9E-FCBF-4FDD-8A64-B04506A57A6B}.Debug|Any CPU.Build.0 = Debug|Any CPU
		{DC88EE9E-FCBF-4FDD-8A64-B04506A57A6B}.Release|Any CPU.ActiveCfg = Release|Any CPU
		{DC88EE9E-FCBF-4FDD-8A64-B04506A57A6B}.Release|Any CPU.Build.0 = Release|Any CPU
		{607567B5-D414-44A4-B33E-0CA5890CAE8F}.Debug|Any CPU.ActiveCfg = Debug|Any CPU
		{607567B5-D414-44A4-B33E-0CA5890CAE8F}.Debug|Any CPU.Build.0 = Debug|Any CPU
		{607567B5-D414-44A4-B33E-0CA5890CAE8F}.Release|Any CPU.ActiveCfg = Release|Any CPU
		{607567B5-D414-44A4-B33E-0CA5890CAE8F}.Release|Any CPU.Build.0 = Release|Any CPU
		{EE9EC871-D350-4102-B932-1F8D3DC34D0D}.Debug|Any CPU.ActiveCfg = Debug|Any CPU
		{EE9EC871-D350-4102-B932-1F8D3DC34D0D}.Debug|Any CPU.Build.0 = Debug|Any CPU
		{EE9EC871-D350-4102-B932-1F8D3DC34D0D}.Release|Any CPU.ActiveCfg = Release|Any CPU
		{EE9EC871-D350-4102-B932-1F8D3DC34D0D}.Release|Any CPU.Build.0 = Release|Any CPU
		{383C93D2-6C1D-4755-AA58-627F1066F1AB}.Debug|Any CPU.ActiveCfg = Debug|Any CPU
		{383C93D2-6C1D-4755-AA58-627F1066F1AB}.Debug|Any CPU.Build.0 = Debug|Any CPU
		{383C93D2-6C1D-4755-AA58-627F1066F1AB}.Release|Any CPU.ActiveCfg = Release|Any CPU
		{383C93D2-6C1D-4755-AA58-627F1066F1AB}.Release|Any CPU.Build.0 = Release|Any CPU
		{1B9E242C-5B81-4695-ACFE-9E1E86FA50C0}.Debug|Any CPU.ActiveCfg = Debug|Any CPU
		{1B9E242C-5B81-4695-ACFE-9E1E86FA50C0}.Debug|Any CPU.Build.0 = Debug|Any CPU
		{1B9E242C-5B81-4695-ACFE-9E1E86FA50C0}.Release|Any CPU.ActiveCfg = Release|Any CPU
		{1B9E242C-5B81-4695-ACFE-9E1E86FA50C0}.Release|Any CPU.Build.0 = Release|Any CPU
		{E2B78FA8-DD88-4EBE-BBCC-44D31CDAB9E6}.Debug|Any CPU.ActiveCfg = Debug|Any CPU
		{E2B78FA8-DD88-4EBE-BBCC-44D31CDAB9E6}.Debug|Any CPU.Build.0 = Debug|Any CPU
		{E2B78FA8-DD88-4EBE-BBCC-44D31CDAB9E6}.Release|Any CPU.ActiveCfg = Release|Any CPU
		{E2B78FA8-DD88-4EBE-BBCC-44D31CDAB9E6}.Release|Any CPU.Build.0 = Release|Any CPU
		{AC0F642F-0ADA-467D-A63A-438F0DD0046C}.Debug|Any CPU.ActiveCfg = Debug|Any CPU
		{AC0F642F-0ADA-467D-A63A-438F0DD0046C}.Debug|Any CPU.Build.0 = Debug|Any CPU
		{AC0F642F-0ADA-467D-A63A-438F0DD0046C}.Release|Any CPU.ActiveCfg = Release|Any CPU
		{AC0F642F-0ADA-467D-A63A-438F0DD0046C}.Release|Any CPU.Build.0 = Release|Any CPU
		{6C92CBFF-6693-4E73-83FC-90BC670D862D}.Debug|Any CPU.ActiveCfg = Debug|Any CPU
		{6C92CBFF-6693-4E73-83FC-90BC670D862D}.Debug|Any CPU.Build.0 = Debug|Any CPU
		{6C92CBFF-6693-4E73-83FC-90BC670D862D}.Release|Any CPU.ActiveCfg = Release|Any CPU
		{6C92CBFF-6693-4E73-83FC-90BC670D862D}.Release|Any CPU.Build.0 = Release|Any CPU
		{02AF3921-EDC8-42AC-83E3-4FE32EDADDCF}.Debug|Any CPU.ActiveCfg = Debug|Any CPU
		{02AF3921-EDC8-42AC-83E3-4FE32EDADDCF}.Debug|Any CPU.Build.0 = Debug|Any CPU
		{02AF3921-EDC8-42AC-83E3-4FE32EDADDCF}.Release|Any CPU.ActiveCfg = Release|Any CPU
		{02AF3921-EDC8-42AC-83E3-4FE32EDADDCF}.Release|Any CPU.Build.0 = Release|Any CPU
		{70077D59-1144-47CB-BFCC-CD8F6A636662}.Debug|Any CPU.ActiveCfg = Debug|Any CPU
		{70077D59-1144-47CB-BFCC-CD8F6A636662}.Debug|Any CPU.Build.0 = Debug|Any CPU
		{70077D59-1144-47CB-BFCC-CD8F6A636662}.Release|Any CPU.ActiveCfg = Release|Any CPU
		{70077D59-1144-47CB-BFCC-CD8F6A636662}.Release|Any CPU.Build.0 = Release|Any CPU
		{E9858BAE-CA79-4CA4-B207-F455B96BD346}.Debug|Any CPU.ActiveCfg = Debug|Any CPU
		{E9858BAE-CA79-4CA4-B207-F455B96BD346}.Debug|Any CPU.Build.0 = Debug|Any CPU
		{E9858BAE-CA79-4CA4-B207-F455B96BD346}.Release|Any CPU.ActiveCfg = Release|Any CPU
		{E9858BAE-CA79-4CA4-B207-F455B96BD346}.Release|Any CPU.Build.0 = Release|Any CPU
		{2DAE3AF5-67BB-4570-978D-6AC397A2A232}.Debug|Any CPU.ActiveCfg = Debug|Any CPU
		{2DAE3AF5-67BB-4570-978D-6AC397A2A232}.Debug|Any CPU.Build.0 = Debug|Any CPU
		{2DAE3AF5-67BB-4570-978D-6AC397A2A232}.Release|Any CPU.ActiveCfg = Release|Any CPU
		{2DAE3AF5-67BB-4570-978D-6AC397A2A232}.Release|Any CPU.Build.0 = Release|Any CPU
	EndGlobalSection
EndGlobal
