
Microsoft Visual Studio Solution File, Format Version 12.00
# Visual Studio Version 17
VisualStudioVersion = 17.0.31903.59
MinimumVisualStudioVersion = 10.0.40219.1
Project("{FAE04EC0-301F-11D3-BF4B-00C04F79EFBC}") = "01-01", "01-01\01-01.csproj", "{6ADB55C9-28FC-4B6C-BBBF-EDE0FF5A304B}"
EndProject
Project("{FAE04EC0-301F-11D3-BF4B-00C04F79EFBC}") = "01-02", "01-02\01-02.csproj", "{A6A5560C-BEB7-4FDD-8649-524E23BB8D18}"
EndProject
Project("{FAE04EC0-301F-11D3-BF4B-00C04F79EFBC}") = "02-01", "02-01\02-01.csproj", "{FA3C3BA0-10D1-488C-899D-A8C1A4624116}"
EndProject
Project("{FAE04EC0-301F-11D3-BF4B-00C04F79EFBC}") = "02-02", "02-02\02-02.csproj", "{4001A7C6-125B-45D9-8F7F-565AB03FEAFE}"
EndProject
Project("{FAE04EC0-301F-11D3-BF4B-00C04F79EFBC}") = "03-01", "03-01\03-01.csproj", "{2F47D523-0342-427C-9077-117356037DA3}"
EndProject
Project("{FAE04EC0-301F-11D3-BF4B-00C04F79EFBC}") = "03-02", "03-02\03-02.csproj", "{A2E8DDBC-CB35-4F3D-9AB8-B956A77B8381}"
EndProject
Project("{FAE04EC0-301F-11D3-BF4B-00C04F79EFBC}") = "04-01", "04-01\04-01.csproj", "{B5B05EF2-1DBC-4806-B975-40617F2F4E5E}"
EndProject
Project("{FAE04EC0-301F-11D3-BF4B-00C04F79EFBC}") = "04-02", "04-02\04-02.csproj", "{E29370D0-D384-42E5-8DE8-BC7A0DCEA3AA}"
EndProject
Project("{FAE04EC0-301F-11D3-BF4B-00C04F79EFBC}") = "05-01", "05-01\05-01.csproj", "{9B8B436B-DCE1-488B-B2A9-FBB70DE5612F}"
EndProject
Project("{FAE04EC0-301F-11D3-BF4B-00C04F79EFBC}") = "05-02", "05-02\05-02.csproj", "{7AF82D14-E034-4CF1-AB13-41B9574D8B00}"
EndProject
Project("{FAE04EC0-301F-11D3-BF4B-00C04F79EFBC}") = "06-01", "06-01\06-01.csproj", "{67DE101D-B2C0-4CA2-9C83-03EC38ABECE3}"
EndProject
Project("{FAE04EC0-301F-11D3-BF4B-00C04F79EFBC}") = "06-02", "06-02\06-02.csproj", "{90152AAB-D515-47DC-AF4E-3CD9D1F2B598}"
EndProject
Project("{FAE04EC0-301F-11D3-BF4B-00C04F79EFBC}") = "07-01", "07-01\07-01.csproj", "{A1B6EB68-302C-4632-ABE3-1CBEF32ED815}"
EndProject
Project("{FAE04EC0-301F-11D3-BF4B-00C04F79EFBC}") = "07-02", "07-02\07-02.csproj", "{061701AE-7218-4F14-B6EA-5FD0207CD34C}"
EndProject
Project("{FAE04EC0-301F-11D3-BF4B-00C04F79EFBC}") = "08-01", "08-01\08-01.csproj", "{0EE70814-259E-41B9-B4C5-AC6EF4A58B1A}"
EndProject
Project("{FAE04EC0-301F-11D3-BF4B-00C04F79EFBC}") = "08-02", "08-02\08-02.csproj", "{5D9F7C8F-35A3-4ABB-941A-8ADF5E777DAB}"
EndProject
Project("{FAE04EC0-301F-11D3-BF4B-00C04F79EFBC}") = "09-01", "09-01\09-01.csproj", "{8B2AE9E4-C575-4A66-8893-3163DA373931}"
EndProject
Project("{FAE04EC0-301F-11D3-BF4B-00C04F79EFBC}") = "09-02", "09-02\09-02.csproj", "{8A302FDC-0DD6-4C16-BD3A-4137116E6A4C}"
EndProject
Project("{FAE04EC0-301F-11D3-BF4B-00C04F79EFBC}") = "10-01", "10-01\10-01.csproj", "{E5864778-F886-4620-97F0-E88F1B860E55}"
EndProject
Project("{FAE04EC0-301F-11D3-BF4B-00C04F79EFBC}") = "10-02", "10-02\10-02.csproj", "{10F65283-091B-4523-A928-517F77D6C1BF}"
EndProject
Project("{FAE04EC0-301F-11D3-BF4B-00C04F79EFBC}") = "11-01", "11-01\11-01.csproj", "{B1FE05B4-2638-496E-BBCA-44A1703A4CB8}"
EndProject
Project("{FAE04EC0-301F-11D3-BF4B-00C04F79EFBC}") = "11-02", "11-02\11-02.csproj", "{6F169121-BCB0-436A-A662-7EF956DEE3C5}"
EndProject
Global
	GlobalSection(SolutionConfigurationPlatforms) = preSolution
		Debug|Any CPU = Debug|Any CPU
		Release|Any CPU = Release|Any CPU
	EndGlobalSection
	GlobalSection(SolutionProperties) = preSolution
		HideSolutionNode = FALSE
	EndGlobalSection
	GlobalSection(ProjectConfigurationPlatforms) = postSolution
		{6ADB55C9-28FC-4B6C-BBBF-EDE0FF5A304B}.Debug|Any CPU.ActiveCfg = Debug|Any CPU
		{6ADB55C9-28FC-4B6C-BBBF-EDE0FF5A304B}.Debug|Any CPU.Build.0 = Debug|Any CPU
		{6ADB55C9-28FC-4B6C-BBBF-EDE0FF5A304B}.Release|Any CPU.ActiveCfg = Release|Any CPU
		{6ADB55C9-28FC-4B6C-BBBF-EDE0FF5A304B}.Release|Any CPU.Build.0 = Release|Any CPU
		{A6A5560C-BEB7-4FDD-8649-524E23BB8D18}.Debug|Any CPU.ActiveCfg = Debug|Any CPU
		{A6A5560C-BEB7-4FDD-8649-524E23BB8D18}.Debug|Any CPU.Build.0 = Debug|Any CPU
		{A6A5560C-BEB7-4FDD-8649-524E23BB8D18}.Release|Any CPU.ActiveCfg = Release|Any CPU
		{A6A5560C-BEB7-4FDD-8649-524E23BB8D18}.Release|Any CPU.Build.0 = Release|Any CPU
		{FA3C3BA0-10D1-488C-899D-A8C1A4624116}.Debug|Any CPU.ActiveCfg = Debug|Any CPU
		{FA3C3BA0-10D1-488C-899D-A8C1A4624116}.Debug|Any CPU.Build.0 = Debug|Any CPU
		{FA3C3BA0-10D1-488C-899D-A8C1A4624116}.Release|Any CPU.ActiveCfg = Release|Any CPU
		{FA3C3BA0-10D1-488C-899D-A8C1A4624116}.Release|Any CPU.Build.0 = Release|Any CPU
		{4001A7C6-125B-45D9-8F7F-565AB03FEAFE}.Debug|Any CPU.ActiveCfg = Debug|Any CPU
		{4001A7C6-125B-45D9-8F7F-565AB03FEAFE}.Debug|Any CPU.Build.0 = Debug|Any CPU
		{4001A7C6-125B-45D9-8F7F-565AB03FEAFE}.Release|Any CPU.ActiveCfg = Release|Any CPU
		{4001A7C6-125B-45D9-8F7F-565AB03FEAFE}.Release|Any CPU.Build.0 = Release|Any CPU
		{2F47D523-0342-427C-9077-117356037DA3}.Debug|Any CPU.ActiveCfg = Debug|Any CPU
		{2F47D523-0342-427C-9077-117356037DA3}.Debug|Any CPU.Build.0 = Debug|Any CPU
		{2F47D523-0342-427C-9077-117356037DA3}.Release|Any CPU.ActiveCfg = Release|Any CPU
		{2F47D523-0342-427C-9077-117356037DA3}.Release|Any CPU.Build.0 = Release|Any CPU
		{A2E8DDBC-CB35-4F3D-9AB8-B956A77B8381}.Debug|Any CPU.ActiveCfg = Debug|Any CPU
		{A2E8DDBC-CB35-4F3D-9AB8-B956A77B8381}.Debug|Any CPU.Build.0 = Debug|Any CPU
		{A2E8DDBC-CB35-4F3D-9AB8-B956A77B8381}.Release|Any CPU.ActiveCfg = Release|Any CPU
		{A2E8DDBC-CB35-4F3D-9AB8-B956A77B8381}.Release|Any CPU.Build.0 = Release|Any CPU
		{B5B05EF2-1DBC-4806-B975-40617F2F4E5E}.Debug|Any CPU.ActiveCfg = Debug|Any CPU
		{B5B05EF2-1DBC-4806-B975-40617F2F4E5E}.Debug|Any CPU.Build.0 = Debug|Any CPU
		{B5B05EF2-1DBC-4806-B975-40617F2F4E5E}.Release|Any CPU.ActiveCfg = Release|Any CPU
		{B5B05EF2-1DBC-4806-B975-40617F2F4E5E}.Release|Any CPU.Build.0 = Release|Any CPU
		{E29370D0-D384-42E5-8DE8-BC7A0DCEA3AA}.Debug|Any CPU.ActiveCfg = Debug|Any CPU
		{E29370D0-D384-42E5-8DE8-BC7A0DCEA3AA}.Debug|Any CPU.Build.0 = Debug|Any CPU
		{E29370D0-D384-42E5-8DE8-BC7A0DCEA3AA}.Release|Any CPU.ActiveCfg = Release|Any CPU
		{E29370D0-D384-42E5-8DE8-BC7A0DCEA3AA}.Release|Any CPU.Build.0 = Release|Any CPU
		{9B8B436B-DCE1-488B-B2A9-FBB70DE5612F}.Debug|Any CPU.ActiveCfg = Debug|Any CPU
		{9B8B436B-DCE1-488B-B2A9-FBB70DE5612F}.Debug|Any CPU.Build.0 = Debug|Any CPU
		{9B8B436B-DCE1-488B-B2A9-FBB70DE5612F}.Release|Any CPU.ActiveCfg = Release|Any CPU
		{9B8B436B-DCE1-488B-B2A9-FBB70DE5612F}.Release|Any CPU.Build.0 = Release|Any CPU
		{7AF82D14-E034-4CF1-AB13-41B9574D8B00}.Debug|Any CPU.ActiveCfg = Debug|Any CPU
		{7AF82D14-E034-4CF1-AB13-41B9574D8B00}.Debug|Any CPU.Build.0 = Debug|Any CPU
		{7AF82D14-E034-4CF1-AB13-41B9574D8B00}.Release|Any CPU.ActiveCfg = Release|Any CPU
		{7AF82D14-E034-4CF1-AB13-41B9574D8B00}.Release|Any CPU.Build.0 = Release|Any CPU
		{67DE101D-B2C0-4CA2-9C83-03EC38ABECE3}.Debug|Any CPU.ActiveCfg = Debug|Any CPU
		{67DE101D-B2C0-4CA2-9C83-03EC38ABECE3}.Debug|Any CPU.Build.0 = Debug|Any CPU
		{67DE101D-B2C0-4CA2-9C83-03EC38ABECE3}.Release|Any CPU.ActiveCfg = Release|Any CPU
		{67DE101D-B2C0-4CA2-9C83-03EC38ABECE3}.Release|Any CPU.Build.0 = Release|Any CPU
		{90152AAB-D515-47DC-AF4E-3CD9D1F2B598}.Debug|Any CPU.ActiveCfg = Debug|Any CPU
		{90152AAB-D515-47DC-AF4E-3CD9D1F2B598}.Debug|Any CPU.Build.0 = Debug|Any CPU
		{90152AAB-D515-47DC-AF4E-3CD9D1F2B598}.Release|Any CPU.ActiveCfg = Release|Any CPU
		{90152AAB-D515-47DC-AF4E-3CD9D1F2B598}.Release|Any CPU.Build.0 = Release|Any CPU
		{A1B6EB68-302C-4632-ABE3-1CBEF32ED815}.Debug|Any CPU.ActiveCfg = Debug|Any CPU
		{A1B6EB68-302C-4632-ABE3-1CBEF32ED815}.Debug|Any CPU.Build.0 = Debug|Any CPU
		{A1B6EB68-302C-4632-ABE3-1CBEF32ED815}.Release|Any CPU.ActiveCfg = Release|Any CPU
		{A1B6EB68-302C-4632-ABE3-1CBEF32ED815}.Release|Any CPU.Build.0 = Release|Any CPU
		{061701AE-7218-4F14-B6EA-5FD0207CD34C}.Debug|Any CPU.ActiveCfg = Debug|Any CPU
		{061701AE-7218-4F14-B6EA-5FD0207CD34C}.Debug|Any CPU.Build.0 = Debug|Any CPU
		{061701AE-7218-4F14-B6EA-5FD0207CD34C}.Release|Any CPU.ActiveCfg = Release|Any CPU
		{061701AE-7218-4F14-B6EA-5FD0207CD34C}.Release|Any CPU.Build.0 = Release|Any CPU
		{0EE70814-259E-41B9-B4C5-AC6EF4A58B1A}.Debug|Any CPU.ActiveCfg = Debug|Any CPU
		{0EE70814-259E-41B9-B4C5-AC6EF4A58B1A}.Debug|Any CPU.Build.0 = Debug|Any CPU
		{0EE70814-259E-41B9-B4C5-AC6EF4A58B1A}.Release|Any CPU.ActiveCfg = Release|Any CPU
		{0EE70814-259E-41B9-B4C5-AC6EF4A58B1A}.Release|Any CPU.Build.0 = Release|Any CPU
		{5D9F7C8F-35A3-4ABB-941A-8ADF5E777DAB}.Debug|Any CPU.ActiveCfg = Debug|Any CPU
		{5D9F7C8F-35A3-4ABB-941A-8ADF5E777DAB}.Debug|Any CPU.Build.0 = Debug|Any CPU
		{5D9F7C8F-35A3-4ABB-941A-8ADF5E777DAB}.Release|Any CPU.ActiveCfg = Release|Any CPU
		{5D9F7C8F-35A3-4ABB-941A-8ADF5E777DAB}.Release|Any CPU.Build.0 = Release|Any CPU
		{8B2AE9E4-C575-4A66-8893-3163DA373931}.Debug|Any CPU.ActiveCfg = Debug|Any CPU
		{8B2AE9E4-C575-4A66-8893-3163DA373931}.Debug|Any CPU.Build.0 = Debug|Any CPU
		{8B2AE9E4-C575-4A66-8893-3163DA373931}.Release|Any CPU.ActiveCfg = Release|Any CPU
		{8B2AE9E4-C575-4A66-8893-3163DA373931}.Release|Any CPU.Build.0 = Release|Any CPU
		{8A302FDC-0DD6-4C16-BD3A-4137116E6A4C}.Debug|Any CPU.ActiveCfg = Debug|Any CPU
		{8A302FDC-0DD6-4C16-BD3A-4137116E6A4C}.Debug|Any CPU.Build.0 = Debug|Any CPU
		{8A302FDC-0DD6-4C16-BD3A-4137116E6A4C}.Release|Any CPU.ActiveCfg = Release|Any CPU
		{8A302FDC-0DD6-4C16-BD3A-4137116E6A4C}.Release|Any CPU.Build.0 = Release|Any CPU
		{E5864778-F886-4620-97F0-E88F1B860E55}.Debug|Any CPU.ActiveCfg = Debug|Any CPU
		{E5864778-F886-4620-97F0-E88F1B860E55}.Debug|Any CPU.Build.0 = Debug|Any CPU
		{E5864778-F886-4620-97F0-E88F1B860E55}.Release|Any CPU.ActiveCfg = Release|Any CPU
		{E5864778-F886-4620-97F0-E88F1B860E55}.Release|Any CPU.Build.0 = Release|Any CPU
		{10F65283-091B-4523-A928-517F77D6C1BF}.Debug|Any CPU.ActiveCfg = Debug|Any CPU
		{10F65283-091B-4523-A928-517F77D6C1BF}.Debug|Any CPU.Build.0 = Debug|Any CPU
		{10F65283-091B-4523-A928-517F77D6C1BF}.Release|Any CPU.ActiveCfg = Release|Any CPU
		{10F65283-091B-4523-A928-517F77D6C1BF}.Release|Any CPU.Build.0 = Release|Any CPU
		{B1FE05B4-2638-496E-BBCA-44A1703A4CB8}.Debug|Any CPU.ActiveCfg = Debug|Any CPU
		{B1FE05B4-2638-496E-BBCA-44A1703A4CB8}.Debug|Any CPU.Build.0 = Debug|Any CPU
		{B1FE05B4-2638-496E-BBCA-44A1703A4CB8}.Release|Any CPU.ActiveCfg = Release|Any CPU
		{B1FE05B4-2638-496E-BBCA-44A1703A4CB8}.Release|Any CPU.Build.0 = Release|Any CPU
		{6F169121-BCB0-436A-A662-7EF956DEE3C5}.Debug|Any CPU.ActiveCfg = Debug|Any CPU
		{6F169121-BCB0-436A-A662-7EF956DEE3C5}.Debug|Any CPU.Build.0 = Debug|Any CPU
		{6F169121-BCB0-436A-A662-7EF956DEE3C5}.Release|Any CPU.ActiveCfg = Release|Any CPU
		{6F169121-BCB0-436A-A662-7EF956DEE3C5}.Release|Any CPU.Build.0 = Release|Any CPU
	EndGlobalSection
EndGlobal
