
Microsoft Visual Studio Solution File, Format Version 12.00
# Visual Studio Version 17
VisualStudioVersion = 17.5.002.0
MinimumVisualStudioVersion = 10.0.40219.1
Project("{9A19103F-16F7-4668-BE54-9A1E7A4F7556}") = "dec1", "dec1\dec1.csproj", "{FA6C103C-55D6-4B22-A055-35E8EDCCDCE8}"
EndProject
Project("{9A19103F-16F7-4668-BE54-9A1E7A4F7556}") = "dec10", "dec10\dec10.csproj", "{368ACF77-2656-4701-9B4B-10F22E771463}"
EndProject
Project("{9A19103F-16F7-4668-BE54-9A1E7A4F7556}") = "dec11", "dec11\dec11.csproj", "{3883AE3D-86BF-4A25-98F9-87F68EAEA82F}"
EndProject
Project("{9A19103F-16F7-4668-BE54-9A1E7A4F7556}") = "dec12", "dec12\dec12.csproj", "{29BB6414-DA33-4E11-8FD6-C44611A92FDA}"
EndProject
Project("{9A19103F-16F7-4668-BE54-9A1E7A4F7556}") = "dec13", "dec13\dec13.csproj", "{14D7DAF3-8BE5-4396-8D3A-4A353F37239B}"
EndProject
Project("{9A19103F-16F7-4668-BE54-9A1E7A4F7556}") = "dec14", "dec14\dec14.csproj", "{2C4FCC60-114B-4061-9B4E-866523F3EF2F}"
EndProject
Project("{9A19103F-16F7-4668-BE54-9A1E7A4F7556}") = "dec15", "dec15\dec15.csproj", "{CB853929-8007-49FD-B605-A666EBCCCFC1}"
EndProject
Project("{9A19103F-16F7-4668-BE54-9A1E7A4F7556}") = "dec2", "dec2\dec2.csproj", "{63D9422C-098E-4FAD-AF01-9B72C781C51E}"
EndProject
Project("{9A19103F-16F7-4668-BE54-9A1E7A4F7556}") = "dec3", "dec3\dec3.csproj", "{099F53DA-F5F4-4F73-AC70-FEC5239E189A}"
EndProject
Project("{9A19103F-16F7-4668-BE54-9A1E7A4F7556}") = "dec4", "dec4\dec4.csproj", "{737B349A-14A7-4C38-BFF6-96A7C5084954}"
EndProject
Project("{9A19103F-16F7-4668-BE54-9A1E7A4F7556}") = "dec5", "dec5\dec5.csproj", "{533A593C-8C08-4D1B-9965-3DD17BDA9EA4}"
EndProject
Project("{9A19103F-16F7-4668-BE54-9A1E7A4F7556}") = "dec6", "dec6\dec6.csproj", "{D8564078-18D8-4258-BD81-E07C89976225}"
EndProject
Project("{9A19103F-16F7-4668-BE54-9A1E7A4F7556}") = "dec7", "dec7\dec7.csproj", "{0D94EAC5-89EF-48AB-A291-E1BEF0707765}"
EndProject
Project("{9A19103F-16F7-4668-BE54-9A1E7A4F7556}") = "dec8", "dec8\dec8.csproj", "{B100EDF7-3EE9-4351-A002-C40634CE94EC}"
EndProject
Project("{9A19103F-16F7-4668-BE54-9A1E7A4F7556}") = "dec9", "dec9\dec9.csproj", "{EFE92550-ACA4-4A66-90A1-271E3259C0D0}"
EndProject
Global
	GlobalSection(SolutionConfigurationPlatforms) = preSolution
		Debug|Any CPU = Debug|Any CPU
		Release|Any CPU = Release|Any CPU
	EndGlobalSection
	GlobalSection(ProjectConfigurationPlatforms) = postSolution
		{FA6C103C-55D6-4B22-A055-35E8EDCCDCE8}.Debug|Any CPU.ActiveCfg = Debug|Any CPU
		{FA6C103C-55D6-4B22-A055-35E8EDCCDCE8}.Debug|Any CPU.Build.0 = Debug|Any CPU
		{FA6C103C-55D6-4B22-A055-35E8EDCCDCE8}.Release|Any CPU.ActiveCfg = Release|Any CPU
		{FA6C103C-55D6-4B22-A055-35E8EDCCDCE8}.Release|Any CPU.Build.0 = Release|Any CPU
		{368ACF77-2656-4701-9B4B-10F22E771463}.Debug|Any CPU.ActiveCfg = Debug|Any CPU
		{368ACF77-2656-4701-9B4B-10F22E771463}.Debug|Any CPU.Build.0 = Debug|Any CPU
		{368ACF77-2656-4701-9B4B-10F22E771463}.Release|Any CPU.ActiveCfg = Release|Any CPU
		{368ACF77-2656-4701-9B4B-10F22E771463}.Release|Any CPU.Build.0 = Release|Any CPU
		{3883AE3D-86BF-4A25-98F9-87F68EAEA82F}.Debug|Any CPU.ActiveCfg = Debug|Any CPU
		{3883AE3D-86BF-4A25-98F9-87F68EAEA82F}.Debug|Any CPU.Build.0 = Debug|Any CPU
		{3883AE3D-86BF-4A25-98F9-87F68EAEA82F}.Release|Any CPU.ActiveCfg = Release|Any CPU
		{3883AE3D-86BF-4A25-98F9-87F68EAEA82F}.Release|Any CPU.Build.0 = Release|Any CPU
		{29BB6414-DA33-4E11-8FD6-C44611A92FDA}.Debug|Any CPU.ActiveCfg = Debug|Any CPU
		{29BB6414-DA33-4E11-8FD6-C44611A92FDA}.Debug|Any CPU.Build.0 = Debug|Any CPU
		{29BB6414-DA33-4E11-8FD6-C44611A92FDA}.Release|Any CPU.ActiveCfg = Release|Any CPU
		{29BB6414-DA33-4E11-8FD6-C44611A92FDA}.Release|Any CPU.Build.0 = Release|Any CPU
		{14D7DAF3-8BE5-4396-8D3A-4A353F37239B}.Debug|Any CPU.ActiveCfg = Debug|Any CPU
		{14D7DAF3-8BE5-4396-8D3A-4A353F37239B}.Debug|Any CPU.Build.0 = Debug|Any CPU
		{14D7DAF3-8BE5-4396-8D3A-4A353F37239B}.Release|Any CPU.ActiveCfg = Release|Any CPU
		{14D7DAF3-8BE5-4396-8D3A-4A353F37239B}.Release|Any CPU.Build.0 = Release|Any CPU
		{2C4FCC60-114B-4061-9B4E-866523F3EF2F}.Debug|Any CPU.ActiveCfg = Debug|Any CPU
		{2C4FCC60-114B-4061-9B4E-866523F3EF2F}.Debug|Any CPU.Build.0 = Debug|Any CPU
		{2C4FCC60-114B-4061-9B4E-866523F3EF2F}.Release|Any CPU.ActiveCfg = Release|Any CPU
		{2C4FCC60-114B-4061-9B4E-866523F3EF2F}.Release|Any CPU.Build.0 = Release|Any CPU
		{CB853929-8007-49FD-B605-A666EBCCCFC1}.Debug|Any CPU.ActiveCfg = Debug|Any CPU
		{CB853929-8007-49FD-B605-A666EBCCCFC1}.Debug|Any CPU.Build.0 = Debug|Any CPU
		{CB853929-8007-49FD-B605-A666EBCCCFC1}.Release|Any CPU.ActiveCfg = Release|Any CPU
		{CB853929-8007-49FD-B605-A666EBCCCFC1}.Release|Any CPU.Build.0 = Release|Any CPU
		{63D9422C-098E-4FAD-AF01-9B72C781C51E}.Debug|Any CPU.ActiveCfg = Debug|Any CPU
		{63D9422C-098E-4FAD-AF01-9B72C781C51E}.Debug|Any CPU.Build.0 = Debug|Any CPU
		{63D9422C-098E-4FAD-AF01-9B72C781C51E}.Release|Any CPU.ActiveCfg = Release|Any CPU
		{63D9422C-098E-4FAD-AF01-9B72C781C51E}.Release|Any CPU.Build.0 = Release|Any CPU
		{099F53DA-F5F4-4F73-AC70-FEC5239E189A}.Debug|Any CPU.ActiveCfg = Debug|Any CPU
		{099F53DA-F5F4-4F73-AC70-FEC5239E189A}.Debug|Any CPU.Build.0 = Debug|Any CPU
		{099F53DA-F5F4-4F73-AC70-FEC5239E189A}.Release|Any CPU.ActiveCfg = Release|Any CPU
		{099F53DA-F5F4-4F73-AC70-FEC5239E189A}.Release|Any CPU.Build.0 = Release|Any CPU
		{737B349A-14A7-4C38-BFF6-96A7C5084954}.Debug|Any CPU.ActiveCfg = Debug|Any CPU
		{737B349A-14A7-4C38-BFF6-96A7C5084954}.Debug|Any CPU.Build.0 = Debug|Any CPU
		{737B349A-14A7-4C38-BFF6-96A7C5084954}.Release|Any CPU.ActiveCfg = Release|Any CPU
		{737B349A-14A7-4C38-BFF6-96A7C5084954}.Release|Any CPU.Build.0 = Release|Any CPU
		{533A593C-8C08-4D1B-9965-3DD17BDA9EA4}.Debug|Any CPU.ActiveCfg = Debug|Any CPU
		{533A593C-8C08-4D1B-9965-3DD17BDA9EA4}.Debug|Any CPU.Build.0 = Debug|Any CPU
		{533A593C-8C08-4D1B-9965-3DD17BDA9EA4}.Release|Any CPU.ActiveCfg = Release|Any CPU
		{533A593C-8C08-4D1B-9965-3DD17BDA9EA4}.Release|Any CPU.Build.0 = Release|Any CPU
		{D8564078-18D8-4258-BD81-E07C89976225}.Debug|Any CPU.ActiveCfg = Debug|Any CPU
		{D8564078-18D8-4258-BD81-E07C89976225}.Debug|Any CPU.Build.0 = Debug|Any CPU
		{D8564078-18D8-4258-BD81-E07C89976225}.Release|Any CPU.ActiveCfg = Release|Any CPU
		{D8564078-18D8-4258-BD81-E07C89976225}.Release|Any CPU.Build.0 = Release|Any CPU
		{0D94EAC5-89EF-48AB-A291-E1BEF0707765}.Debug|Any CPU.ActiveCfg = Debug|Any CPU
		{0D94EAC5-89EF-48AB-A291-E1BEF0707765}.Debug|Any CPU.Build.0 = Debug|Any CPU
		{0D94EAC5-89EF-48AB-A291-E1BEF0707765}.Release|Any CPU.ActiveCfg = Release|Any CPU
		{0D94EAC5-89EF-48AB-A291-E1BEF0707765}.Release|Any CPU.Build.0 = Release|Any CPU
		{B100EDF7-3EE9-4351-A002-C40634CE94EC}.Debug|Any CPU.ActiveCfg = Debug|Any CPU
		{B100EDF7-3EE9-4351-A002-C40634CE94EC}.Debug|Any CPU.Build.0 = Debug|Any CPU
		{B100EDF7-3EE9-4351-A002-C40634CE94EC}.Release|Any CPU.ActiveCfg = Release|Any CPU
		{B100EDF7-3EE9-4351-A002-C40634CE94EC}.Release|Any CPU.Build.0 = Release|Any CPU
		{EFE92550-ACA4-4A66-90A1-271E3259C0D0}.Debug|Any CPU.ActiveCfg = Debug|Any CPU
		{EFE92550-ACA4-4A66-90A1-271E3259C0D0}.Debug|Any CPU.Build.0 = Debug|Any CPU
		{EFE92550-ACA4-4A66-90A1-271E3259C0D0}.Release|Any CPU.ActiveCfg = Release|Any CPU
		{EFE92550-ACA4-4A66-90A1-271E3259C0D0}.Release|Any CPU.Build.0 = Release|Any CPU
	EndGlobalSection
	GlobalSection(SolutionProperties) = preSolution
		HideSolutionNode = FALSE
	EndGlobalSection
	GlobalSection(ExtensibilityGlobals) = postSolution
		SolutionGuid = {AE2E7C9B-4851-45EB-A759-33BB6D138211}
	EndGlobalSection
EndGlobal
